
Microsoft Visual Studio Solution File, Format Version 12.00
# Visual Studio Version 17
VisualStudioVersion = 17.5.33424.131
MinimumVisualStudioVersion = 10.0.40219.1
Project("{9A19103F-16F7-4668-BE54-9A1E7A4F7556}") = "AIChat", "AIChat\AIChat.csproj", "{06241615-6714-4BE2-A133-4C6146BF95D6}"
EndProject
Project("{9A19103F-16F7-4668-BE54-9A1E7A4F7556}") = "AIChat.Core", "AIChat.Core\AIChat.Core.csproj", "{BF35AC65-7816-4A5F-B56B-8EFAE3B0ACB2}"
EndProject
Project("{FAE04EC0-301F-11D3-BF4B-00C04F79EFBC}") = "Test", "Test\Test.csproj", "{5EDE6AB5-542F-4CF3-B492-868BFD943624}"
EndProject
Global
	GlobalSection(SolutionConfigurationPlatforms) = preSolution
		Debug|Any CPU = Debug|Any CPU
		Debug|arm64 = Debug|arm64
		Debug|x64 = Debug|x64
		Debug|x86 = Debug|x86
		Release|Any CPU = Release|Any CPU
		Release|arm64 = Release|arm64
		Release|x64 = Release|x64
		Release|x86 = Release|x86
	EndGlobalSection
	GlobalSection(ProjectConfigurationPlatforms) = postSolution
		{06241615-6714-4BE2-A133-4C6146BF95D6}.Debug|Any CPU.ActiveCfg = Debug|x64
		{06241615-6714-4BE2-A133-4C6146BF95D6}.Debug|Any CPU.Build.0 = Debug|x64
		{06241615-6714-4BE2-A133-4C6146BF95D6}.Debug|Any CPU.Deploy.0 = Debug|x64
		{06241615-6714-4BE2-A133-4C6146BF95D6}.Debug|arm64.ActiveCfg = Debug|arm64
		{06241615-6714-4BE2-A133-4C6146BF95D6}.Debug|arm64.Build.0 = Debug|arm64
		{06241615-6714-4BE2-A133-4C6146BF95D6}.Debug|arm64.Deploy.0 = Debug|arm64
		{06241615-6714-4BE2-A133-4C6146BF95D6}.Debug|x64.ActiveCfg = Debug|x64
		{06241615-6714-4BE2-A133-4C6146BF95D6}.Debug|x64.Build.0 = Debug|x64
		{06241615-6714-4BE2-A133-4C6146BF95D6}.Debug|x64.Deploy.0 = Debug|x64
		{06241615-6714-4BE2-A133-4C6146BF95D6}.Debug|x86.ActiveCfg = Debug|x86
		{06241615-6714-4BE2-A133-4C6146BF95D6}.Debug|x86.Build.0 = Debug|x86
		{06241615-6714-4BE2-A133-4C6146BF95D6}.Debug|x86.Deploy.0 = Debug|x86
		{06241615-6714-4BE2-A133-4C6146BF95D6}.Release|Any CPU.ActiveCfg = Release|x64
		{06241615-6714-4BE2-A133-4C6146BF95D6}.Release|Any CPU.Build.0 = Release|x64
		{06241615-6714-4BE2-A133-4C6146BF95D6}.Release|Any CPU.Deploy.0 = Release|x64
		{06241615-6714-4BE2-A133-4C6146BF95D6}.Release|arm64.ActiveCfg = Release|arm64
		{06241615-6714-4BE2-A133-4C6146BF95D6}.Release|arm64.Build.0 = Release|arm64
		{06241615-6714-4BE2-A133-4C6146BF95D6}.Release|arm64.Deploy.0 = Release|arm64
		{06241615-6714-4BE2-A133-4C6146BF95D6}.Release|x64.ActiveCfg = Release|x64
		{06241615-6714-4BE2-A133-4C6146BF95D6}.Release|x64.Build.0 = Release|x64
		{06241615-6714-4BE2-A133-4C6146BF95D6}.Release|x64.Deploy.0 = Release|x64
		{06241615-6714-4BE2-A133-4C6146BF95D6}.Release|x86.ActiveCfg = Release|x86
		{06241615-6714-4BE2-A133-4C6146BF95D6}.Release|x86.Build.0 = Release|x86
		{06241615-6714-4BE2-A133-4C6146BF95D6}.Release|x86.Deploy.0 = Release|x86
		{BF35AC65-7816-4A5F-B56B-8EFAE3B0ACB2}.Debug|Any CPU.ActiveCfg = Debug|Any CPU
		{BF35AC65-7816-4A5F-B56B-8EFAE3B0ACB2}.Debug|Any CPU.Build.0 = Debug|Any CPU
		{BF35AC65-7816-4A5F-B56B-8EFAE3B0ACB2}.Debug|arm64.ActiveCfg = Debug|arm64
		{BF35AC65-7816-4A5F-B56B-8EFAE3B0ACB2}.Debug|arm64.Build.0 = Debug|arm64
		{BF35AC65-7816-4A5F-B56B-8EFAE3B0ACB2}.Debug|x64.ActiveCfg = Debug|x64
		{BF35AC65-7816-4A5F-B56B-8EFAE3B0ACB2}.Debug|x64.Build.0 = Debug|x64
		{BF35AC65-7816-4A5F-B56B-8EFAE3B0ACB2}.Debug|x86.ActiveCfg = Debug|x86
		{BF35AC65-7816-4A5F-B56B-8EFAE3B0ACB2}.Debug|x86.Build.0 = Debug|x86
		{BF35AC65-7816-4A5F-B56B-8EFAE3B0ACB2}.Release|Any CPU.ActiveCfg = Release|Any CPU
		{BF35AC65-7816-4A5F-B56B-8EFAE3B0ACB2}.Release|Any CPU.Build.0 = Release|Any CPU
		{BF35AC65-7816-4A5F-B56B-8EFAE3B0ACB2}.Release|arm64.ActiveCfg = Release|arm64
		{BF35AC65-7816-4A5F-B56B-8EFAE3B0ACB2}.Release|arm64.Build.0 = Release|arm64
		{BF35AC65-7816-4A5F-B56B-8EFAE3B0ACB2}.Release|x64.ActiveCfg = Release|x64
		{BF35AC65-7816-4A5F-B56B-8EFAE3B0ACB2}.Release|x64.Build.0 = Release|x64
		{BF35AC65-7816-4A5F-B56B-8EFAE3B0ACB2}.Release|x86.ActiveCfg = Release|x86
		{BF35AC65-7816-4A5F-B56B-8EFAE3B0ACB2}.Release|x86.Build.0 = Release|x86
		{5EDE6AB5-542F-4CF3-B492-868BFD943624}.Debug|Any CPU.ActiveCfg = Debug|Any CPU
		{5EDE6AB5-542F-4CF3-B492-868BFD943624}.Debug|Any CPU.Build.0 = Debug|Any CPU
		{5EDE6AB5-542F-4CF3-B492-868BFD943624}.Debug|arm64.ActiveCfg = Debug|Any CPU
		{5EDE6AB5-542F-4CF3-B492-868BFD943624}.Debug|arm64.Build.0 = Debug|Any CPU
		{5EDE6AB5-542F-4CF3-B492-868BFD943624}.Debug|x64.ActiveCfg = Debug|Any CPU
		{5EDE6AB5-542F-4CF3-B492-868BFD943624}.Debug|x64.Build.0 = Debug|Any CPU
		{5EDE6AB5-542F-4CF3-B492-868BFD943624}.Debug|x86.ActiveCfg = Debug|Any CPU
		{5EDE6AB5-542F-4CF3-B492-868BFD943624}.Debug|x86.Build.0 = Debug|Any CPU
		{5EDE6AB5-542F-4CF3-B492-868BFD943624}.Release|Any CPU.ActiveCfg = Release|Any CPU
		{5EDE6AB5-542F-4CF3-B492-868BFD943624}.Release|Any CPU.Build.0 = Release|Any CPU
		{5EDE6AB5-542F-4CF3-B492-868BFD943624}.Release|arm64.ActiveCfg = Release|Any CPU
		{5EDE6AB5-542F-4CF3-B492-868BFD943624}.Release|arm64.Build.0 = Release|Any CPU
		{5EDE6AB5-542F-4CF3-B492-868BFD943624}.Release|x64.ActiveCfg = Release|Any CPU
		{5EDE6AB5-542F-4CF3-B492-868BFD943624}.Release|x64.Build.0 = Release|Any CPU
		{5EDE6AB5-542F-4CF3-B492-868BFD943624}.Release|x86.ActiveCfg = Release|Any CPU
		{5EDE6AB5-542F-4CF3-B492-868BFD943624}.Release|x86.Build.0 = Release|Any CPU
	EndGlobalSection
	GlobalSection(SolutionProperties) = preSolution
		HideSolutionNode = FALSE
	EndGlobalSection
	GlobalSection(ExtensibilityGlobals) = postSolution
		SolutionGuid = {3B3B2881-BFBE-429E-BA02-A30C491469F2}
	EndGlobalSection
EndGlobal
